// !$*UTF8*$!
{
	archiveVersion = 1;
	classes = {
	};
	objectVersion = 50;
	objects = {

/* Begin PBXBuildFile section */
		087CF37521064CE500D2B710 /* AppDelegate.swift in Sources */ = {isa = PBXBuildFile; fileRef = 087CF37421064CE500D2B710 /* AppDelegate.swift */; };
		087CF37721064CE500D2B710 /* ViewController.swift in Sources */ = {isa = PBXBuildFile; fileRef = 087CF37621064CE500D2B710 /* ViewController.swift */; };
		087CF37A21064CE500D2B710 /* Main.storyboard in Resources */ = {isa = PBXBuildFile; fileRef = 087CF37821064CE500D2B710 /* Main.storyboard */; };
		087CF37C21064CE600D2B710 /* Assets.xcassets in Resources */ = {isa = PBXBuildFile; fileRef = 087CF37B21064CE600D2B710 /* Assets.xcassets */; };
		087CF37F21064CE600D2B710 /* LaunchScreen.storyboard in Resources */ = {isa = PBXBuildFile; fileRef = 087CF37D21064CE600D2B710 /* LaunchScreen.storyboard */; };
		087CF3AD2106520100D2B710 /* ARViewController.swift in Sources */ = {isa = PBXBuildFile; fileRef = 087CF3AC2106520100D2B710 /* ARViewController.swift */; };
		087CF3B021076DE500D2B710 /* BorderButton.swift in Sources */ = {isa = PBXBuildFile; fileRef = 087CF3AF21076DE500D2B710 /* BorderButton.swift */; };
		087CF3B42107758F00D2B710 /* art.scnassets in Resources */ = {isa = PBXBuildFile; fileRef = 087CF3B32107758F00D2B710 /* art.scnassets */; };
/* End PBXBuildFile section */

/* Begin PBXFileReference section */
		087CF37121064CE500D2B710 /* ARBasketball.app */ = {isa = PBXFileReference; explicitFileType = wrapper.application; includeInIndex = 0; path = ARBasketball.app; sourceTree = BUILT_PRODUCTS_DIR; };
		087CF37421064CE500D2B710 /* AppDelegate.swift */ = {isa = PBXFileReference; lastKnownFileType = sourcecode.swift; path = AppDelegate.swift; sourceTree = "<group>"; };
		087CF37621064CE500D2B710 /* ViewController.swift */ = {isa = PBXFileReference; lastKnownFileType = sourcecode.swift; path = ViewController.swift; sourceTree = "<group>"; };
		087CF37921064CE500D2B710 /* Base */ = {isa = PBXFileReference; lastKnownFileType = file.storyboard; name = Base; path = Base.lproj/Main.storyboard; sourceTree = "<group>"; };
		087CF37B21064CE600D2B710 /* Assets.xcassets */ = {isa = PBXFileReference; lastKnownFileType = folder.assetcatalog; path = Assets.xcassets; sourceTree = "<group>"; };
		087CF37E21064CE600D2B710 /* Base */ = {isa = PBXFileReference; lastKnownFileType = file.storyboard; name = Base; path = Base.lproj/LaunchScreen.storyboard; sourceTree = "<group>"; };
		087CF38021064CE600D2B710 /* Info.plist */ = {isa = PBXFileReference; lastKnownFileType = text.plist.xml; path = Info.plist; sourceTree = "<group>"; };
		087CF3AC2106520100D2B710 /* ARViewController.swift */ = {isa = PBXFileReference; lastKnownFileType = sourcecode.swift; path = ARViewController.swift; sourceTree = "<group>"; };
		087CF3AF21076DE500D2B710 /* BorderButton.swift */ = {isa = PBXFileReference; lastKnownFileType = sourcecode.swift; path = BorderButton.swift; sourceTree = "<group>"; };
		087CF3B32107758F00D2B710 /* art.scnassets */ = {isa = PBXFileReference; lastKnownFileType = wrapper.scnassets; path = art.scnassets; sourceTree = "<group>"; };
/* End PBXFileReference section */

/* Begin PBXFrameworksBuildPhase section */
		087CF36E21064CE500D2B710 /* Frameworks */ = {
			isa = PBXFrameworksBuildPhase;
			buildActionMask = 2147483647;
			files = (
			);
			runOnlyForDeploymentPostprocessing = 0;
		};
/* End PBXFrameworksBuildPhase section */

/* Begin PBXGroup section */
		087CF36821064CE500D2B710 = {
			isa = PBXGroup;
			children = (
				087CF37321064CE500D2B710 /* ARBasketball */,
				087CF37221064CE500D2B710 /* Products */,
			);
			sourceTree = "<group>";
		};
		087CF37221064CE500D2B710 /* Products */ = {
			isa = PBXGroup;
			children = (
				087CF37121064CE500D2B710 /* ARBasketball.app */,
			);
			name = Products;
			sourceTree = "<group>";
		};
		087CF37321064CE500D2B710 /* ARBasketball */ = {
			isa = PBXGroup;
			children = (
				087CF3AE21076D8C00D2B710 /* Views */,
				087CF37421064CE500D2B710 /* AppDelegate.swift */,
				087CF3B32107758F00D2B710 /* art.scnassets */,
				087CF37621064CE500D2B710 /* ViewController.swift */,
				087CF37821064CE500D2B710 /* Main.storyboard */,
				087CF37B21064CE600D2B710 /* Assets.xcassets */,
				087CF37D21064CE600D2B710 /* LaunchScreen.storyboard */,
				087CF38021064CE600D2B710 /* Info.plist */,
				087CF3AC2106520100D2B710 /* ARViewController.swift */,
			);
			path = ARBasketball;
			sourceTree = "<group>";
		};
		087CF3AE21076D8C00D2B710 /* Views */ = {
			isa = PBXGroup;
			children = (
				087CF3AF21076DE500D2B710 /* BorderButton.swift */,
			);
			path = Views;
			sourceTree = "<group>";
		};
/* End PBXGroup section */

/* Begin PBXNativeTarget section */
		087CF37021064CE500D2B710 /* ARBasketball */ = {
			isa = PBXNativeTarget;
			buildConfigurationList = 087CF38321064CE600D2B710 /* Build configuration list for PBXNativeTarget "ARBasketball" */;
			buildPhases = (
				087CF36D21064CE500D2B710 /* Sources */,
				087CF36E21064CE500D2B710 /* Frameworks */,
				087CF36F21064CE500D2B710 /* Resources */,
			);
			buildRules = (
			);
			dependencies = (
			);
			name = ARBasketball;
			productName = "CIBC-AR";
			productReference = 087CF37121064CE500D2B710 /* ARBasketball.app */;
			productType = "com.apple.product-type.application";
		};
/* End PBXNativeTarget section */

/* Begin PBXProject section */
		087CF36921064CE500D2B710 /* Project object */ = {
			isa = PBXProject;
			attributes = {
				LastSwiftUpdateCheck = 0940;
				LastUpgradeCheck = 0940;
				ORGANIZATIONNAME = "Zaynah Bhanji";
				TargetAttributes = {
					087CF37021064CE500D2B710 = {
						CreatedOnToolsVersion = 9.4.1;
					};
				};
			};
			buildConfigurationList = 087CF36C21064CE500D2B710 /* Build configuration list for PBXProject "ARBasketball" */;
			compatibilityVersion = "Xcode 9.3";
			developmentRegion = en;
			hasScannedForEncodings = 0;
			knownRegions = (
				en,
				Base,
			);
			mainGroup = 087CF36821064CE500D2B710;
			productRefGroup = 087CF37221064CE500D2B710 /* Products */;
			projectDirPath = "";
			projectRoot = "";
			targets = (
				087CF37021064CE500D2B710 /* ARBasketball */,
			);
		};
/* End PBXProject section */

/* Begin PBXResourcesBuildPhase section */
		087CF36F21064CE500D2B710 /* Resources */ = {
			isa = PBXResourcesBuildPhase;
			buildActionMask = 2147483647;
			files = (
				087CF37F21064CE600D2B710 /* LaunchScreen.storyboard in Resources */,
				087CF3B42107758F00D2B710 /* art.scnassets in Resources */,
				087CF37C21064CE600D2B710 /* Assets.xcassets in Resources */,
				087CF37A21064CE500D2B710 /* Main.storyboard in Resources */,
			);
			runOnlyForDeploymentPostprocessing = 0;
		};
/* End PBXResourcesBuildPhase section */

/* Begin PBXSourcesBuildPhase section */
		087CF36D21064CE500D2B710 /* Sources */ = {
			isa = PBXSourcesBuildPhase;
			buildActionMask = 2147483647;
			files = (
				087CF3AD2106520100D2B710 /* ARViewController.swift in Sources */,
				087CF37721064CE500D2B710 /* ViewController.swift in Sources */,
				087CF37521064CE500D2B710 /* AppDelegate.swift in Sources */,
				087CF3B021076DE500D2B710 /* BorderButton.swift in Sources */,
			);
			runOnlyForDeploymentPostprocessing = 0;
		};
/* End PBXSourcesBuildPhase section */

/* Begin PBXVariantGroup section */
		087CF37821064CE500D2B710 /* Main.storyboard */ = {
			isa = PBXVariantGroup;
			children = (
				087CF37921064CE500D2B710 /* Base */,
			);
			name = Main.storyboard;
			sourceTree = "<group>";
		};
		087CF37D21064CE600D2B710 /* LaunchScreen.storyboard */ = {
			isa = PBXVariantGroup;
			children = (
				087CF37E21064CE600D2B710 /* Base */,
			);
			name = LaunchScreen.storyboard;
			sourceTree = "<group>";
		};
/* End PBXVariantGroup section */

/* Begin XCBuildConfiguration section */
		087CF38121064CE600D2B710 /* Debug */ = {
			isa = XCBuildConfiguration;
			buildSettings = {
				ALWAYS_SEARCH_USER_PATHS = NO;
				CLANG_ANALYZER_NONNULL = YES;
				CLANG_ANALYZER_NUMBER_OBJECT_CONVERSION = YES_AGGRESSIVE;
				CLANG_CXX_LANGUAGE_STANDARD = "gnu++14";
				CLANG_CXX_LIBRARY = "libc++";
				CLANG_ENABLE_MODULES = YES;
				CLANG_ENABLE_OBJC_ARC = YES;
				CLANG_ENABLE_OBJC_WEAK = YES;
				CLANG_WARN_BLOCK_CAPTURE_AUTORELEASING = YES;
				CLANG_WARN_BOOL_CONVERSION = YES;
				CLANG_WARN_COMMA = YES;
				CLANG_WARN_CONSTANT_CONVERSION = YES;
				CLANG_WARN_DEPRECATED_OBJC_IMPLEMENTATIONS = YES;
				CLANG_WARN_DIRECT_OBJC_ISA_USAGE = YES_ERROR;
				CLANG_WARN_DOCUMENTATION_COMMENTS = YES;
				CLANG_WARN_EMPTY_BODY = YES;
				CLANG_WARN_ENUM_CONVERSION = YES;
				CLANG_WARN_INFINITE_RECURSION = YES;
				CLANG_WARN_INT_CONVERSION = YES;
				CLANG_WARN_NON_LITERAL_NULL_CONVERSION = YES;
				CLANG_WARN_OBJC_IMPLICIT_RETAIN_SELF = YES;
				CLANG_WARN_OBJC_LITERAL_CONVERSION = YES;
				CLANG_WARN_OBJC_ROOT_CLASS = YES_ERROR;
				CLANG_WARN_RANGE_LOOP_ANALYSIS = YES;
				CLANG_WARN_STRICT_PROTOTYPES = YES;
				CLANG_WARN_SUSPICIOUS_MOVE = YES;
				CLANG_WARN_UNGUARDED_AVAILABILITY = YES_AGGRESSIVE;
				CLANG_WARN_UNREACHABLE_CODE = YES;
				CLANG_WARN__DUPLICATE_METHOD_MATCH = YES;
				CODE_SIGN_IDENTITY = "iPhone Developer";
				COPY_PHASE_STRIP = NO;
				DEBUG_INFORMATION_FORMAT = dwarf;
				ENABLE_STRICT_OBJC_MSGSEND = YES;
				ENABLE_TESTABILITY = YES;
				GCC_C_LANGUAGE_STANDARD = gnu11;
				GCC_DYNAMIC_NO_PIC = NO;
				GCC_NO_COMMON_BLOCKS = YES;
				GCC_OPTIMIZATION_LEVEL = 0;
				GCC_PREPROCESSOR_DEFINITIONS = (
					"DEBUG=1",
					"$(inherited)",
				);
				GCC_WARN_64_TO_32_BIT_CONVERSION = YES;
				GCC_WARN_ABOUT_RETURN_TYPE = YES_ERROR;
				GCC_WARN_UNDECLARED_SELECTOR = YES;
				GCC_WARN_UNINITIALIZED_AUTOS = YES_AGGRESSIVE;
				GCC_WARN_UNUSED_FUNCTION = YES;
				GCC_WARN_UNUSED_VARIABLE = YES;
				IPHONEOS_DEPLOYMENT_TARGET = 11.4;
				MTL_ENABLE_DEBUG_INFO = YES;
				ONLY_ACTIVE_ARCH = YES;
				SDKROOT = iphoneos;
				SWIFT_ACTIVE_COMPILATION_CONDITIONS = DEBUG;
				SWIFT_OPTIMIZATION_LEVEL = "-Onone";
			};
			name = Debug;
		};
		087CF38221064CE600D2B710 /* Release */ = {
			isa = XCBuildConfiguration;
			buildSettings = {
				ALWAYS_SEARCH_USER_PATHS = NO;
				CLANG_ANALYZER_NONNULL = YES;
				CLANG_ANALYZER_NUMBER_OBJECT_CONVERSION = YES_AGGRESSIVE;
				CLANG_CXX_LANGUAGE_STANDARD = "gnu++14";
				CLANG_CXX_LIBRARY = "libc++";
				CLANG_ENABLE_MODULES = YES;
				CLANG_ENABLE_OBJC_ARC = YES;
				CLANG_ENABLE_OBJC_WEAK = YES;
				CLANG_WARN_BLOCK_CAPTURE_AUTORELEASING = YES;
				CLANG_WARN_BOOL_CONVERSION = YES;
				CLANG_WARN_COMMA = YES;
				CLANG_WARN_CONSTANT_CONVERSION = YES;
				CLANG_WARN_DEPRECATED_OBJC_IMPLEMENTATIONS = YES;
				CLANG_WARN_DIRECT_OBJC_ISA_USAGE = YES_ERROR;
				CLANG_WARN_DOCUMENTATION_COMMENTS = YES;
				CLANG_WARN_EMPTY_BODY = YES;
				CLANG_WARN_ENUM_CONVERSION = YES;
				CLANG_WARN_INFINITE_RECURSION = YES;
				CLANG_WARN_INT_CONVERSION = YES;
				CLANG_WARN_NON_LITERAL_NULL_CONVERSION = YES;
				CLANG_WARN_OBJC_IMPLICIT_RETAIN_SELF = YES;
				CLANG_WARN_OBJC_LITERAL_CONVERSION = YES;
				CLANG_WARN_OBJC_ROOT_CLASS = YES_ERROR;
				CLANG_WARN_RANGE_LOOP_ANALYSIS = YES;
				CLANG_WARN_STRICT_PROTOTYPES = YES;
				CLANG_WARN_SUSPICIOUS_MOVE = YES;
				CLANG_WARN_UNGUARDED_AVAILABILITY = YES_AGGRESSIVE;
				CLANG_WARN_UNREACHABLE_CODE = YES;
				CLANG_WARN__DUPLICATE_METHOD_MATCH = YES;
				CODE_SIGN_IDENTITY = "iPhone Developer";
				COPY_PHASE_STRIP = NO;
				DEBUG_INFORMATION_FORMAT = "dwarf-with-dsym";
				ENABLE_NS_ASSERTIONS = NO;
				ENABLE_STRICT_OBJC_MSGSEND = YES;
				GCC_C_LANGUAGE_STANDARD = gnu11;
				GCC_NO_COMMON_BLOCKS = YES;
				GCC_WARN_64_TO_32_BIT_CONVERSION = YES;
				GCC_WARN_ABOUT_RETURN_TYPE = YES_ERROR;
				GCC_WARN_UNDECLARED_SELECTOR = YES;
				GCC_WARN_UNINITIALIZED_AUTOS = YES_AGGRESSIVE;
				GCC_WARN_UNUSED_FUNCTION = YES;
				GCC_WARN_UNUSED_VARIABLE = YES;
				IPHONEOS_DEPLOYMENT_TARGET = 11.4;
				MTL_ENABLE_DEBUG_INFO = NO;
				SDKROOT = iphoneos;
				SWIFT_COMPILATION_MODE = wholemodule;
				SWIFT_OPTIMIZATION_LEVEL = "-O";
				VALIDATE_PRODUCT = YES;
			};
			name = Release;
		};
		087CF38421064CE600D2B710 /* Debug */ = {
			isa = XCBuildConfiguration;
			buildSettings = {
				ASSETCATALOG_COMPILER_APPICON_NAME = AppIcon;
				CODE_SIGN_STYLE = Automatic;
				DEVELOPMENT_TEAM = 3U567S85FC;
				INFOPLIST_FILE = "CIBC-AR/Info.plist";
				LD_RUNPATH_SEARCH_PATHS = (
					"$(inherited)",
					"@executable_path/Frameworks",
				);
				PRODUCT_BUNDLE_IDENTIFIER = "com.zaynahbhanji.CIBC-AR";
				PRODUCT_NAME = "$(TARGET_NAME)";
				SWIFT_VERSION = 4.0;
				TARGETED_DEVICE_FAMILY = "1,2";
			};
			name = Debug;
		};
		087CF38521064CE600D2B710 /* Release */ = {
			isa = XCBuildConfiguration;
			buildSettings = {
				ASSETCATALOG_COMPILER_APPICON_NAME = AppIcon;
				CODE_SIGN_STYLE = Automatic;
				DEVELOPMENT_TEAM = 3U567S85FC;
				INFOPLIST_FILE = "CIBC-AR/Info.plist";
				LD_RUNPATH_SEARCH_PATHS = (
					"$(inherited)",
					"@executable_path/Frameworks",
				);
				PRODUCT_BUNDLE_IDENTIFIER = "com.zaynahbhanji.CIBC-AR";
				PRODUCT_NAME = "$(TARGET_NAME)";
				SWIFT_VERSION = 4.0;
				TARGETED_DEVICE_FAMILY = "1,2";
			};
			name = Release;
		};
/* End XCBuildConfiguration section */

/* Begin XCConfigurationList section */
		087CF36C21064CE500D2B710 /* Build configuration list for PBXProject "ARBasketball" */ = {
			isa = XCConfigurationList;
			buildConfigurations = (
				087CF38121064CE600D2B710 /* Debug */,
				087CF38221064CE600D2B710 /* Release */,
			);
			defaultConfigurationIsVisible = 0;
			defaultConfigurationName = Release;
		};
		087CF38321064CE600D2B710 /* Build configuration list for PBXNativeTarget "ARBasketball" */ = {
			isa = XCConfigurationList;
			buildConfigurations = (
				087CF38421064CE600D2B710 /* Debug */,
				087CF38521064CE600D2B710 /* Release */,
			);
			defaultConfigurationIsVisible = 0;
			defaultConfigurationName = Release;
		};
/* End XCConfigurationList section */
	};
	rootObject = 087CF36921064CE500D2B710 /* Project object */;
}
